{
    "name": "backend",
    "version": "1.0.0",
    "lockfileVersion": 2,
    "requires": true,
    "packages": {
      "": {
        "name": "backend",
        "version": "1.0.0",
        "dependencies": {
          "express": "^4.19.2",
          "cors": "^2.8.5",
          "sqlite3": "^5.0.11"
        }
      },
      "node_modules/express": {
        "version": "4.19.2",
        "resolved": "https://registry.npmjs.org/express/-/express-4.19.2.tgz",
        "integrity": "sha512-W1L5dw9XbG8Hy2Os5h2Ztdk0zT3tuM5ZJ3pLkPHCQCQ9AfwF+KOhm5AhTVJZwb+8ReOvHtTZ5R7hDSDnvYYnPA==",
        "dependencies": {
          "accepts": "^1.3.7",
          "array-flatten": "^1.1.1",
          "body-parser": "^1.19.0"
        
        }
      },
      "node_modules/cors": {
        "version": "2.8.5",
        "resolved": "https://registry.npmjs.org/cors/-/cors-2.8.5.tgz",
        "integrity": "sha512-KnL8k27fDoxxNQWE4klrPDeAjvJMjceQq7y38u/HjXIN8CwBzfwA1ppOylTobHGz4ZbJG+AyEml66aCj0Bhekw==",
        "dependencies": {
          "object-assign": "^4.1.1",
          "vary": "^1.1.2"
        }
      },
      "node_modules/sqlite3": {
        "version": "5.0.11",
        "resolved": "https://registry.npmjs.org/sqlite3/-/sqlite3-5.0.11.tgz",
        "integrity": "sha512-jG2Ra0rrIlSvBkqJoZ/eCW4V/rZB3cyXHjQxq/58WxR7a+J1oj/I+AQGL5dQNZrVsMUI+bH7U/4+cp5B66cWBA==",
        "dependencies": {
          "node-pre-gyp": "^1.0.6"
        }
      }
    },
    "dependencies": {
      "express": {
        "version": "4.19.2",
        "resolved": "https://registry.npmjs.org/express/-/express-4.19.2.tgz",
        "integrity": "sha512-W1L5dw9XbG8Hy2Os5h2Ztdk0zT3tuM5ZJ3pLkPHCQCQ9AfwF+KOhm5AhTVJZwb+8ReOvHtTZ5R7hDSDnvYYnPA=="
      },
      "cors": {
        "version": "2.8.5",
        "resolved": "https://registry.npmjs.org/cors/-/cors-2.8.5.tgz",
        "integrity": "sha512-KnL8k27fDoxxNQWE4klrPDeAjvJMjceQq7y38u/HjXIN8CwBzfwA1ppOylTobHGz4ZbJG+AyEml66aCj0Bhekw=="
      },
      "sqlite3": {
        "version": "5.0.11",
        "resolved": "https://registry.npmjs.org/sqlite3/-/sqlite3-5.0.11.tgz",
        "integrity": "sha512-jG2Ra0rrIlSvBkqJoZ/eCW4V/rZB3cyXHjQxq/58WxR7a+J1oj/I+AQGL5dQNZrVsMUI+bH7U/4+cp5B66cWBA=="
      }
    }
  }
  